
Microsoft Visual Studio Solution File, Format Version 12.00
# Visual Studio Version 17
VisualStudioVersion = 17.7.34024.191
MinimumVisualStudioVersion = 10.0.40219.1
Project("{FAE04EC0-301F-11D3-BF4B-00C04F79EFBC}") = "Snake_v1", "Snake_v1\Snake_v1.csproj", "{92652FDB-F5F6-42DD-9037-7539786CCDF6}"
EndProject
Global
	GlobalSection(SolutionConfigurationPlatforms) = preSolution
		Debug|Any CPU = Debug|Any CPU
		Release|Any CPU = Release|Any CPU
	EndGlobalSection
	GlobalSection(ProjectConfigurationPlatforms) = postSolution
		{92652FDB-F5F6-42DD-9037-7539786CCDF6}.Debug|Any CPU.ActiveCfg = Debug|Any CPU
		{92652FDB-F5F6-42DD-9037-7539786CCDF6}.Debug|Any CPU.Build.0 = Debug|Any CPU
		{92652FDB-F5F6-42DD-9037-7539786CCDF6}.Release|Any CPU.ActiveCfg = Release|Any CPU
		{92652FDB-F5F6-42DD-9037-7539786CCDF6}.Release|Any CPU.Build.0 = Release|Any CPU
	EndGlobalSection
	GlobalSection(SolutionProperties) = preSolution
		HideSolutionNode = FALSE
	EndGlobalSection
	GlobalSection(ExtensibilityGlobals) = postSolution
		SolutionGuid = {81595E89-E609-41BD-86BA-73AAA6B8C247}
	EndGlobalSection
EndGlobal
